// !$*UTF8*$!
{
	archiveVersion = 1;
	classes = {
	};
	objectVersion = 56;
	objects = {

/* Begin PBXBuildFile section */
		E149452929D7D330001C4093 /* swift_tutorialApp.swift in Sources */ = {isa = PBXBuildFile; fileRef = E149452829D7D330001C4093 /* swift_tutorialApp.swift */; };
		E149452B29D7D330001C4093 /* ContentView.swift in Sources */ = {isa = PBXBuildFile; fileRef = E149452A29D7D330001C4093 /* ContentView.swift */; };
		E149452D29D7D333001C4093 /* Assets.xcassets in Resources */ = {isa = PBXBuildFile; fileRef = E149452C29D7D333001C4093 /* Assets.xcassets */; };
		E149453029D7D333001C4093 /* Preview Assets.xcassets in Resources */ = {isa = PBXBuildFile; fileRef = E149452F29D7D333001C4093 /* Preview Assets.xcassets */; };
		E149455329D7D951001C4093 /* CircleImage.swift in Sources */ = {isa = PBXBuildFile; fileRef = E149455229D7D951001C4093 /* CircleImage.swift */; };
		E149455529D7DA2F001C4093 /* MapView.swift in Sources */ = {isa = PBXBuildFile; fileRef = E149455429D7DA2F001C4093 /* MapView.swift */; };
		E149456629D7EB80001C4093 /* LICENSE.txt in Resources */ = {isa = PBXBuildFile; fileRef = E149455829D7EB80001C4093 /* LICENSE.txt */; };
		E149456729D7EB80001C4093 /* umbagog@2x.jpg in Resources */ = {isa = PBXBuildFile; fileRef = E149455A29D7EB80001C4093 /* umbagog@2x.jpg */; };
		E149456829D7EB80001C4093 /* twinlake@2x.jpg in Resources */ = {isa = PBXBuildFile; fileRef = E149455B29D7EB80001C4093 /* twinlake@2x.jpg */; };
		E149456929D7EB80001C4093 /* chincoteague@2x.jpg in Resources */ = {isa = PBXBuildFile; fileRef = E149455C29D7EB80001C4093 /* chincoteague@2x.jpg */; };
		E149456A29D7EB80001C4093 /* lakemcdonald@2x.jpg in Resources */ = {isa = PBXBuildFile; fileRef = E149455D29D7EB80001C4093 /* lakemcdonald@2x.jpg */; };
		E149456B29D7EB80001C4093 /* silversalmoncreek@2x.jpg in Resources */ = {isa = PBXBuildFile; fileRef = E149455E29D7EB80001C4093 /* silversalmoncreek@2x.jpg */; };
		E149456C29D7EB80001C4093 /* icybay@2x.jpg in Resources */ = {isa = PBXBuildFile; fileRef = E149455F29D7EB80001C4093 /* icybay@2x.jpg */; };
		E149456D29D7EB80001C4093 /* hiddenlake@2x.jpg in Resources */ = {isa = PBXBuildFile; fileRef = E149456029D7EB80001C4093 /* hiddenlake@2x.jpg */; };
		E149456E29D7EB80001C4093 /* chilkoottrail@2x.jpg in Resources */ = {isa = PBXBuildFile; fileRef = E149456129D7EB80001C4093 /* chilkoottrail@2x.jpg */; };
		E149456F29D7EB80001C4093 /* stmarylake@2x.jpg in Resources */ = {isa = PBXBuildFile; fileRef = E149456229D7EB80001C4093 /* stmarylake@2x.jpg */; };
		E149457029D7EB80001C4093 /* charleyrivers@2x.jpg in Resources */ = {isa = PBXBuildFile; fileRef = E149456329D7EB80001C4093 /* charleyrivers@2x.jpg */; };
		E149457129D7EB80001C4093 /* rainbowlake@2x.jpg in Resources */ = {isa = PBXBuildFile; fileRef = E149456429D7EB80001C4093 /* rainbowlake@2x.jpg */; };
		E149457229D7EB80001C4093 /* landmarkData.json in Resources */ = {isa = PBXBuildFile; fileRef = E149456529D7EB80001C4093 /* landmarkData.json */; };
		E149457429D7EBE2001C4093 /* Landmark.swift in Sources */ = {isa = PBXBuildFile; fileRef = E149457329D7EBE2001C4093 /* Landmark.swift */; };
		E149457629D7EEDB001C4093 /* ModelData.swift in Sources */ = {isa = PBXBuildFile; fileRef = E149457529D7EEDB001C4093 /* ModelData.swift */; };
		E149457A29D7F606001C4093 /* LandmarkRow.swift in Sources */ = {isa = PBXBuildFile; fileRef = E149457929D7F606001C4093 /* LandmarkRow.swift */; };
		E149457C29D7F88F001C4093 /* LandmarkList.swift in Sources */ = {isa = PBXBuildFile; fileRef = E149457B29D7F88F001C4093 /* LandmarkList.swift */; };
		E149457E29D7F997001C4093 /* LandmarkDetail.swift in Sources */ = {isa = PBXBuildFile; fileRef = E149457D29D7F997001C4093 /* LandmarkDetail.swift */; };
		E149458029D81622001C4093 /* FavoriteButton.swift in Sources */ = {isa = PBXBuildFile; fileRef = E149457F29D81622001C4093 /* FavoriteButton.swift */; };
/* End PBXBuildFile section */

/* Begin PBXContainerItemProxy section */
		E149453629D7D333001C4093 /* PBXContainerItemProxy */ = {
			isa = PBXContainerItemProxy;
			containerPortal = E149451D29D7D330001C4093 /* Project object */;
			proxyType = 1;
			remoteGlobalIDString = E149452429D7D330001C4093;
			remoteInfo = "swift-tutorial";
		};
		E149454029D7D333001C4093 /* PBXContainerItemProxy */ = {
			isa = PBXContainerItemProxy;
			containerPortal = E149451D29D7D330001C4093 /* Project object */;
			proxyType = 1;
			remoteGlobalIDString = E149452429D7D330001C4093;
			remoteInfo = "swift-tutorial";
		};
/* End PBXContainerItemProxy section */

/* Begin PBXFileReference section */
		E149452529D7D330001C4093 /* swift-tutorial.app */ = {isa = PBXFileReference; explicitFileType = wrapper.application; includeInIndex = 0; path = "swift-tutorial.app"; sourceTree = BUILT_PRODUCTS_DIR; };
		E149452829D7D330001C4093 /* swift_tutorialApp.swift */ = {isa = PBXFileReference; lastKnownFileType = sourcecode.swift; path = swift_tutorialApp.swift; sourceTree = "<group>"; };
		E149452A29D7D330001C4093 /* ContentView.swift */ = {isa = PBXFileReference; lastKnownFileType = sourcecode.swift; path = ContentView.swift; sourceTree = "<group>"; };
		E149452C29D7D333001C4093 /* Assets.xcassets */ = {isa = PBXFileReference; lastKnownFileType = folder.assetcatalog; path = Assets.xcassets; sourceTree = "<group>"; };
		E149452F29D7D333001C4093 /* Preview Assets.xcassets */ = {isa = PBXFileReference; lastKnownFileType = folder.assetcatalog; path = "Preview Assets.xcassets"; sourceTree = "<group>"; };
		E149453529D7D333001C4093 /* swift-tutorialTests.xctest */ = {isa = PBXFileReference; explicitFileType = wrapper.cfbundle; includeInIndex = 0; path = "swift-tutorialTests.xctest"; sourceTree = BUILT_PRODUCTS_DIR; };
		E149453F29D7D333001C4093 /* swift-tutorialUITests.xctest */ = {isa = PBXFileReference; explicitFileType = wrapper.cfbundle; includeInIndex = 0; path = "swift-tutorialUITests.xctest"; sourceTree = BUILT_PRODUCTS_DIR; };
		E149455229D7D951001C4093 /* CircleImage.swift */ = {isa = PBXFileReference; lastKnownFileType = sourcecode.swift; path = CircleImage.swift; sourceTree = "<group>"; };
		E149455429D7DA2F001C4093 /* MapView.swift */ = {isa = PBXFileReference; lastKnownFileType = sourcecode.swift; path = MapView.swift; sourceTree = "<group>"; };
		E149455829D7EB80001C4093 /* LICENSE.txt */ = {isa = PBXFileReference; fileEncoding = 4; lastKnownFileType = text; path = LICENSE.txt; sourceTree = "<group>"; };
		E149455A29D7EB80001C4093 /* umbagog@2x.jpg */ = {isa = PBXFileReference; lastKnownFileType = image.jpeg; path = "umbagog@2x.jpg"; sourceTree = "<group>"; };
		E149455B29D7EB80001C4093 /* twinlake@2x.jpg */ = {isa = PBXFileReference; lastKnownFileType = image.jpeg; path = "twinlake@2x.jpg"; sourceTree = "<group>"; };
		E149455C29D7EB80001C4093 /* chincoteague@2x.jpg */ = {isa = PBXFileReference; lastKnownFileType = image.jpeg; path = "chincoteague@2x.jpg"; sourceTree = "<group>"; };
		E149455D29D7EB80001C4093 /* lakemcdonald@2x.jpg */ = {isa = PBXFileReference; lastKnownFileType = image.jpeg; path = "lakemcdonald@2x.jpg"; sourceTree = "<group>"; };
		E149455E29D7EB80001C4093 /* silversalmoncreek@2x.jpg */ = {isa = PBXFileReference; lastKnownFileType = image.jpeg; path = "silversalmoncreek@2x.jpg"; sourceTree = "<group>"; };
		E149455F29D7EB80001C4093 /* icybay@2x.jpg */ = {isa = PBXFileReference; lastKnownFileType = image.jpeg; path = "icybay@2x.jpg"; sourceTree = "<group>"; };
		E149456029D7EB80001C4093 /* hiddenlake@2x.jpg */ = {isa = PBXFileReference; lastKnownFileType = image.jpeg; path = "hiddenlake@2x.jpg"; sourceTree = "<group>"; };
		E149456129D7EB80001C4093 /* chilkoottrail@2x.jpg */ = {isa = PBXFileReference; lastKnownFileType = image.jpeg; path = "chilkoottrail@2x.jpg"; sourceTree = "<group>"; };
		E149456229D7EB80001C4093 /* stmarylake@2x.jpg */ = {isa = PBXFileReference; lastKnownFileType = image.jpeg; path = "stmarylake@2x.jpg"; sourceTree = "<group>"; };
		E149456329D7EB80001C4093 /* charleyrivers@2x.jpg */ = {isa = PBXFileReference; lastKnownFileType = image.jpeg; path = "charleyrivers@2x.jpg"; sourceTree = "<group>"; };
		E149456429D7EB80001C4093 /* rainbowlake@2x.jpg */ = {isa = PBXFileReference; lastKnownFileType = image.jpeg; path = "rainbowlake@2x.jpg"; sourceTree = "<group>"; };
		E149456529D7EB80001C4093 /* landmarkData.json */ = {isa = PBXFileReference; fileEncoding = 4; lastKnownFileType = text.json; path = landmarkData.json; sourceTree = "<group>"; };
		E149457329D7EBE2001C4093 /* Landmark.swift */ = {isa = PBXFileReference; lastKnownFileType = sourcecode.swift; path = Landmark.swift; sourceTree = "<group>"; };
		E149457529D7EEDB001C4093 /* ModelData.swift */ = {isa = PBXFileReference; lastKnownFileType = sourcecode.swift; path = ModelData.swift; sourceTree = "<group>"; };
		E149457929D7F606001C4093 /* LandmarkRow.swift */ = {isa = PBXFileReference; lastKnownFileType = sourcecode.swift; path = LandmarkRow.swift; sourceTree = "<group>"; };
		E149457B29D7F88F001C4093 /* LandmarkList.swift */ = {isa = PBXFileReference; lastKnownFileType = sourcecode.swift; path = LandmarkList.swift; sourceTree = "<group>"; };
		E149457D29D7F997001C4093 /* LandmarkDetail.swift */ = {isa = PBXFileReference; lastKnownFileType = sourcecode.swift; path = LandmarkDetail.swift; sourceTree = "<group>"; };
		E149457F29D81622001C4093 /* FavoriteButton.swift */ = {isa = PBXFileReference; lastKnownFileType = sourcecode.swift; path = FavoriteButton.swift; sourceTree = "<group>"; };
/* End PBXFileReference section */

/* Begin PBXFrameworksBuildPhase section */
		E149452229D7D330001C4093 /* Frameworks */ = {
			isa = PBXFrameworksBuildPhase;
			buildActionMask = 2147483647;
			files = (
			);
			runOnlyForDeploymentPostprocessing = 0;
		};
		E149453229D7D333001C4093 /* Frameworks */ = {
			isa = PBXFrameworksBuildPhase;
			buildActionMask = 2147483647;
			files = (
			);
			runOnlyForDeploymentPostprocessing = 0;
		};
		E149453C29D7D333001C4093 /* Frameworks */ = {
			isa = PBXFrameworksBuildPhase;
			buildActionMask = 2147483647;
			files = (
			);
			runOnlyForDeploymentPostprocessing = 0;
		};
/* End PBXFrameworksBuildPhase section */

/* Begin PBXGroup section */
		E149451C29D7D330001C4093 = {
			isa = PBXGroup;
			children = (
				E149452729D7D330001C4093 /* swift-tutorial */,
				E149452629D7D330001C4093 /* Products */,
			);
			sourceTree = "<group>";
		};
		E149452629D7D330001C4093 /* Products */ = {
			isa = PBXGroup;
			children = (
				E149452529D7D330001C4093 /* swift-tutorial.app */,
				E149453529D7D333001C4093 /* swift-tutorialTests.xctest */,
				E149453F29D7D333001C4093 /* swift-tutorialUITests.xctest */,
			);
			name = Products;
			sourceTree = "<group>";
		};
		E149452729D7D330001C4093 /* swift-tutorial */ = {
			isa = PBXGroup;
			children = (
				E149457829D7F544001C4093 /* Model */,
				E149457729D7F539001C4093 /* Views */,
				E149455629D7EB80001C4093 /* Resources */,
				E149452C29D7D333001C4093 /* Assets.xcassets */,
				E149452829D7D330001C4093 /* swift_tutorialApp.swift */,
				E149452E29D7D333001C4093 /* Preview Content */,
			);
			path = "swift-tutorial";
			sourceTree = "<group>";
		};
		E149452E29D7D333001C4093 /* Preview Content */ = {
			isa = PBXGroup;
			children = (
				E149452F29D7D333001C4093 /* Preview Assets.xcassets */,
			);
			path = "Preview Content";
			sourceTree = "<group>";
		};
		E149455629D7EB80001C4093 /* Resources */ = {
			isa = PBXGroup;
			children = (
				E149455729D7EB80001C4093 /* LICENSE */,
				E149455929D7EB80001C4093 /* Images */,
				E149456529D7EB80001C4093 /* landmarkData.json */,
			);
			path = Resources;
			sourceTree = "<group>";
		};
		E149455729D7EB80001C4093 /* LICENSE */ = {
			isa = PBXGroup;
			children = (
				E149455829D7EB80001C4093 /* LICENSE.txt */,
			);
			path = LICENSE;
			sourceTree = "<group>";
		};
		E149455929D7EB80001C4093 /* Images */ = {
			isa = PBXGroup;
			children = (
				E149455A29D7EB80001C4093 /* umbagog@2x.jpg */,
				E149455B29D7EB80001C4093 /* twinlake@2x.jpg */,
				E149455C29D7EB80001C4093 /* chincoteague@2x.jpg */,
				E149455D29D7EB80001C4093 /* lakemcdonald@2x.jpg */,
				E149455E29D7EB80001C4093 /* silversalmoncreek@2x.jpg */,
				E149455F29D7EB80001C4093 /* icybay@2x.jpg */,
				E149456029D7EB80001C4093 /* hiddenlake@2x.jpg */,
				E149456129D7EB80001C4093 /* chilkoottrail@2x.jpg */,
				E149456229D7EB80001C4093 /* stmarylake@2x.jpg */,
				E149456329D7EB80001C4093 /* charleyrivers@2x.jpg */,
				E149456429D7EB80001C4093 /* rainbowlake@2x.jpg */,
			);
			path = Images;
			sourceTree = "<group>";
		};
		E149457729D7F539001C4093 /* Views */ = {
			isa = PBXGroup;
			children = (
				E149458229D816D2001C4093 /* Helpers */,
				E149458129D816BF001C4093 /* Landmarks */,
				E149452A29D7D330001C4093 /* ContentView.swift */,
			);
			path = Views;
			sourceTree = "<group>";
		};
		E149457829D7F544001C4093 /* Model */ = {
			isa = PBXGroup;
			children = (
				E149457529D7EEDB001C4093 /* ModelData.swift */,
				E149457329D7EBE2001C4093 /* Landmark.swift */,
			);
			path = Model;
			sourceTree = "<group>";
		};
		E149458129D816BF001C4093 /* Landmarks */ = {
			isa = PBXGroup;
			children = (
				E149457929D7F606001C4093 /* LandmarkRow.swift */,
				E149457B29D7F88F001C4093 /* LandmarkList.swift */,
				E149457D29D7F997001C4093 /* LandmarkDetail.swift */,
			);
			path = Landmarks;
			sourceTree = "<group>";
		};
		E149458229D816D2001C4093 /* Helpers */ = {
			isa = PBXGroup;
			children = (
				E149455229D7D951001C4093 /* CircleImage.swift */,
				E149455429D7DA2F001C4093 /* MapView.swift */,
				E149457F29D81622001C4093 /* FavoriteButton.swift */,
			);
			path = Helpers;
			sourceTree = "<group>";
		};
/* End PBXGroup section */

/* Begin PBXNativeTarget section */
		E149452429D7D330001C4093 /* swift-tutorial */ = {
			isa = PBXNativeTarget;
			buildConfigurationList = E149454929D7D333001C4093 /* Build configuration list for PBXNativeTarget "swift-tutorial" */;
			buildPhases = (
				E149452129D7D330001C4093 /* Sources */,
				E149452229D7D330001C4093 /* Frameworks */,
				E149452329D7D330001C4093 /* Resources */,
			);
			buildRules = (
			);
			dependencies = (
			);
			name = "swift-tutorial";
			productName = "swift-tutorial";
			productReference = E149452529D7D330001C4093 /* swift-tutorial.app */;
			productType = "com.apple.product-type.application";
		};
		E149453429D7D333001C4093 /* swift-tutorialTests */ = {
			isa = PBXNativeTarget;
			buildConfigurationList = E149454C29D7D333001C4093 /* Build configuration list for PBXNativeTarget "swift-tutorialTests" */;
			buildPhases = (
				E149453129D7D333001C4093 /* Sources */,
				E149453229D7D333001C4093 /* Frameworks */,
				E149453329D7D333001C4093 /* Resources */,
			);
			buildRules = (
			);
			dependencies = (
				E149453729D7D333001C4093 /* PBXTargetDependency */,
			);
			name = "swift-tutorialTests";
			productName = "swift-tutorialTests";
			productReference = E149453529D7D333001C4093 /* swift-tutorialTests.xctest */;
			productType = "com.apple.product-type.bundle.unit-test";
		};
		E149453E29D7D333001C4093 /* swift-tutorialUITests */ = {
			isa = PBXNativeTarget;
			buildConfigurationList = E149454F29D7D333001C4093 /* Build configuration list for PBXNativeTarget "swift-tutorialUITests" */;
			buildPhases = (
				E149453B29D7D333001C4093 /* Sources */,
				E149453C29D7D333001C4093 /* Frameworks */,
				E149453D29D7D333001C4093 /* Resources */,
			);
			buildRules = (
			);
			dependencies = (
				E149454129D7D333001C4093 /* PBXTargetDependency */,
			);
			name = "swift-tutorialUITests";
			productName = "swift-tutorialUITests";
			productReference = E149453F29D7D333001C4093 /* swift-tutorialUITests.xctest */;
			productType = "com.apple.product-type.bundle.ui-testing";
		};
/* End PBXNativeTarget section */

/* Begin PBXProject section */
		E149451D29D7D330001C4093 /* Project object */ = {
			isa = PBXProject;
			attributes = {
				BuildIndependentTargetsInParallel = 1;
				LastSwiftUpdateCheck = 1430;
				LastUpgradeCheck = 1430;
				TargetAttributes = {
					E149452429D7D330001C4093 = {
						CreatedOnToolsVersion = 14.3;
					};
					E149453429D7D333001C4093 = {
						CreatedOnToolsVersion = 14.3;
						TestTargetID = E149452429D7D330001C4093;
					};
					E149453E29D7D333001C4093 = {
						CreatedOnToolsVersion = 14.3;
						TestTargetID = E149452429D7D330001C4093;
					};
				};
			};
			buildConfigurationList = E149452029D7D330001C4093 /* Build configuration list for PBXProject "swift-tutorial" */;
			compatibilityVersion = "Xcode 14.0";
			developmentRegion = en;
			hasScannedForEncodings = 0;
			knownRegions = (
				en,
				Base,
			);
			mainGroup = E149451C29D7D330001C4093;
			productRefGroup = E149452629D7D330001C4093 /* Products */;
			projectDirPath = "";
			projectRoot = "";
			targets = (
				E149452429D7D330001C4093 /* swift-tutorial */,
				E149453429D7D333001C4093 /* swift-tutorialTests */,
				E149453E29D7D333001C4093 /* swift-tutorialUITests */,
			);
		};
/* End PBXProject section */

/* Begin PBXResourcesBuildPhase section */
		E149452329D7D330001C4093 /* Resources */ = {
			isa = PBXResourcesBuildPhase;
			buildActionMask = 2147483647;
			files = (
				E149457029D7EB80001C4093 /* charleyrivers@2x.jpg in Resources */,
				E149456629D7EB80001C4093 /* LICENSE.txt in Resources */,
				E149456D29D7EB80001C4093 /* hiddenlake@2x.jpg in Resources */,
				E149456729D7EB80001C4093 /* umbagog@2x.jpg in Resources */,
				E149457129D7EB80001C4093 /* rainbowlake@2x.jpg in Resources */,
				E149456C29D7EB80001C4093 /* icybay@2x.jpg in Resources */,
				E149456B29D7EB80001C4093 /* silversalmoncreek@2x.jpg in Resources */,
				E149453029D7D333001C4093 /* Preview Assets.xcassets in Resources */,
				E149457229D7EB80001C4093 /* landmarkData.json in Resources */,
				E149456829D7EB80001C4093 /* twinlake@2x.jpg in Resources */,
				E149456F29D7EB80001C4093 /* stmarylake@2x.jpg in Resources */,
				E149456A29D7EB80001C4093 /* lakemcdonald@2x.jpg in Resources */,
				E149456E29D7EB80001C4093 /* chilkoottrail@2x.jpg in Resources */,
				E149452D29D7D333001C4093 /* Assets.xcassets in Resources */,
				E149456929D7EB80001C4093 /* chincoteague@2x.jpg in Resources */,
			);
			runOnlyForDeploymentPostprocessing = 0;
		};
		E149453329D7D333001C4093 /* Resources */ = {
			isa = PBXResourcesBuildPhase;
			buildActionMask = 2147483647;
			files = (
			);
			runOnlyForDeploymentPostprocessing = 0;
		};
		E149453D29D7D333001C4093 /* Resources */ = {
			isa = PBXResourcesBuildPhase;
			buildActionMask = 2147483647;
			files = (
			);
			runOnlyForDeploymentPostprocessing = 0;
		};
/* End PBXResourcesBuildPhase section */

/* Begin PBXSourcesBuildPhase section */
		E149452129D7D330001C4093 /* Sources */ = {
			isa = PBXSourcesBuildPhase;
			buildActionMask = 2147483647;
			files = (
				E149452B29D7D330001C4093 /* ContentView.swift in Sources */,
				E149455529D7DA2F001C4093 /* MapView.swift in Sources */,
				E149452929D7D330001C4093 /* swift_tutorialApp.swift in Sources */,
				E149458029D81622001C4093 /* FavoriteButton.swift in Sources */,
				E149457C29D7F88F001C4093 /* LandmarkList.swift in Sources */,
				E149457E29D7F997001C4093 /* LandmarkDetail.swift in Sources */,
				E149455329D7D951001C4093 /* CircleImage.swift in Sources */,
				E149457429D7EBE2001C4093 /* Landmark.swift in Sources */,
				E149457A29D7F606001C4093 /* LandmarkRow.swift in Sources */,
				E149457629D7EEDB001C4093 /* ModelData.swift in Sources */,
			);
			runOnlyForDeploymentPostprocessing = 0;
		};
		E149453129D7D333001C4093 /* Sources */ = {
			isa = PBXSourcesBuildPhase;
			buildActionMask = 2147483647;
			files = (
			);
			runOnlyForDeploymentPostprocessing = 0;
		};
		E149453B29D7D333001C4093 /* Sources */ = {
			isa = PBXSourcesBuildPhase;
			buildActionMask = 2147483647;
			files = (
			);
			runOnlyForDeploymentPostprocessing = 0;
		};
/* End PBXSourcesBuildPhase section */

/* Begin PBXTargetDependency section */
		E149453729D7D333001C4093 /* PBXTargetDependency */ = {
			isa = PBXTargetDependency;
			target = E149452429D7D330001C4093 /* swift-tutorial */;
			targetProxy = E149453629D7D333001C4093 /* PBXContainerItemProxy */;
		};
		E149454129D7D333001C4093 /* PBXTargetDependency */ = {
			isa = PBXTargetDependency;
			target = E149452429D7D330001C4093 /* swift-tutorial */;
			targetProxy = E149454029D7D333001C4093 /* PBXContainerItemProxy */;
		};
/* End PBXTargetDependency section */

/* Begin XCBuildConfiguration section */
		E149454729D7D333001C4093 /* Debug */ = {
			isa = XCBuildConfiguration;
			buildSettings = {
				ALWAYS_SEARCH_USER_PATHS = NO;
				CLANG_ANALYZER_NONNULL = YES;
				CLANG_ANALYZER_NUMBER_OBJECT_CONVERSION = YES_AGGRESSIVE;
				CLANG_CXX_LANGUAGE_STANDARD = "gnu++20";
				CLANG_ENABLE_MODULES = YES;
				CLANG_ENABLE_OBJC_ARC = YES;
				CLANG_ENABLE_OBJC_WEAK = YES;
				CLANG_WARN_BLOCK_CAPTURE_AUTORELEASING = YES;
				CLANG_WARN_BOOL_CONVERSION = YES;
				CLANG_WARN_COMMA = YES;
				CLANG_WARN_CONSTANT_CONVERSION = YES;
				CLANG_WARN_DEPRECATED_OBJC_IMPLEMENTATIONS = YES;
				CLANG_WARN_DIRECT_OBJC_ISA_USAGE = YES_ERROR;
				CLANG_WARN_DOCUMENTATION_COMMENTS = YES;
				CLANG_WARN_EMPTY_BODY = YES;
				CLANG_WARN_ENUM_CONVERSION = YES;
				CLANG_WARN_INFINITE_RECURSION = YES;
				CLANG_WARN_INT_CONVERSION = YES;
				CLANG_WARN_NON_LITERAL_NULL_CONVERSION = YES;
				CLANG_WARN_OBJC_IMPLICIT_RETAIN_SELF = YES;
				CLANG_WARN_OBJC_LITERAL_CONVERSION = YES;
				CLANG_WARN_OBJC_ROOT_CLASS = YES_ERROR;
				CLANG_WARN_QUOTED_INCLUDE_IN_FRAMEWORK_HEADER = YES;
				CLANG_WARN_RANGE_LOOP_ANALYSIS = YES;
				CLANG_WARN_STRICT_PROTOTYPES = YES;
				CLANG_WARN_SUSPICIOUS_MOVE = YES;
				CLANG_WARN_UNGUARDED_AVAILABILITY = YES_AGGRESSIVE;
				CLANG_WARN_UNREACHABLE_CODE = YES;
				CLANG_WARN__DUPLICATE_METHOD_MATCH = YES;
				COPY_PHASE_STRIP = NO;
				DEBUG_INFORMATION_FORMAT = dwarf;
				ENABLE_STRICT_OBJC_MSGSEND = YES;
				ENABLE_TESTABILITY = YES;
				GCC_C_LANGUAGE_STANDARD = gnu11;
				GCC_DYNAMIC_NO_PIC = NO;
				GCC_NO_COMMON_BLOCKS = YES;
				GCC_OPTIMIZATION_LEVEL = 0;
				GCC_PREPROCESSOR_DEFINITIONS = (
					"DEBUG=1",
					"$(inherited)",
				);
				GCC_WARN_64_TO_32_BIT_CONVERSION = YES;
				GCC_WARN_ABOUT_RETURN_TYPE = YES_ERROR;
				GCC_WARN_UNDECLARED_SELECTOR = YES;
				GCC_WARN_UNINITIALIZED_AUTOS = YES_AGGRESSIVE;
				GCC_WARN_UNUSED_FUNCTION = YES;
				GCC_WARN_UNUSED_VARIABLE = YES;
				IPHONEOS_DEPLOYMENT_TARGET = 16.4;
				MTL_ENABLE_DEBUG_INFO = INCLUDE_SOURCE;
				MTL_FAST_MATH = YES;
				ONLY_ACTIVE_ARCH = YES;
				SDKROOT = iphoneos;
				SWIFT_ACTIVE_COMPILATION_CONDITIONS = DEBUG;
				SWIFT_OPTIMIZATION_LEVEL = "-Onone";
			};
			name = Debug;
		};
		E149454829D7D333001C4093 /* Release */ = {
			isa = XCBuildConfiguration;
			buildSettings = {
				ALWAYS_SEARCH_USER_PATHS = NO;
				CLANG_ANALYZER_NONNULL = YES;
				CLANG_ANALYZER_NUMBER_OBJECT_CONVERSION = YES_AGGRESSIVE;
				CLANG_CXX_LANGUAGE_STANDARD = "gnu++20";
				CLANG_ENABLE_MODULES = YES;
				CLANG_ENABLE_OBJC_ARC = YES;
				CLANG_ENABLE_OBJC_WEAK = YES;
				CLANG_WARN_BLOCK_CAPTURE_AUTORELEASING = YES;
				CLANG_WARN_BOOL_CONVERSION = YES;
				CLANG_WARN_COMMA = YES;
				CLANG_WARN_CONSTANT_CONVERSION = YES;
				CLANG_WARN_DEPRECATED_OBJC_IMPLEMENTATIONS = YES;
				CLANG_WARN_DIRECT_OBJC_ISA_USAGE = YES_ERROR;
				CLANG_WARN_DOCUMENTATION_COMMENTS = YES;
				CLANG_WARN_EMPTY_BODY = YES;
				CLANG_WARN_ENUM_CONVERSION = YES;
				CLANG_WARN_INFINITE_RECURSION = YES;
				CLANG_WARN_INT_CONVERSION = YES;
				CLANG_WARN_NON_LITERAL_NULL_CONVERSION = YES;
				CLANG_WARN_OBJC_IMPLICIT_RETAIN_SELF = YES;
				CLANG_WARN_OBJC_LITERAL_CONVERSION = YES;
				CLANG_WARN_OBJC_ROOT_CLASS = YES_ERROR;
				CLANG_WARN_QUOTED_INCLUDE_IN_FRAMEWORK_HEADER = YES;
				CLANG_WARN_RANGE_LOOP_ANALYSIS = YES;
				CLANG_WARN_STRICT_PROTOTYPES = YES;
				CLANG_WARN_SUSPICIOUS_MOVE = YES;
				CLANG_WARN_UNGUARDED_AVAILABILITY = YES_AGGRESSIVE;
				CLANG_WARN_UNREACHABLE_CODE = YES;
				CLANG_WARN__DUPLICATE_METHOD_MATCH = YES;
				COPY_PHASE_STRIP = NO;
				DEBUG_INFORMATION_FORMAT = "dwarf-with-dsym";
				ENABLE_NS_ASSERTIONS = NO;
				ENABLE_STRICT_OBJC_MSGSEND = YES;
				GCC_C_LANGUAGE_STANDARD = gnu11;
				GCC_NO_COMMON_BLOCKS = YES;
				GCC_WARN_64_TO_32_BIT_CONVERSION = YES;
				GCC_WARN_ABOUT_RETURN_TYPE = YES_ERROR;
				GCC_WARN_UNDECLARED_SELECTOR = YES;
				GCC_WARN_UNINITIALIZED_AUTOS = YES_AGGRESSIVE;
				GCC_WARN_UNUSED_FUNCTION = YES;
				GCC_WARN_UNUSED_VARIABLE = YES;
				IPHONEOS_DEPLOYMENT_TARGET = 16.4;
				MTL_ENABLE_DEBUG_INFO = NO;
				MTL_FAST_MATH = YES;
				SDKROOT = iphoneos;
				SWIFT_COMPILATION_MODE = wholemodule;
				SWIFT_OPTIMIZATION_LEVEL = "-O";
				VALIDATE_PRODUCT = YES;
			};
			name = Release;
		};
		E149454A29D7D333001C4093 /* Debug */ = {
			isa = XCBuildConfiguration;
			buildSettings = {
				ASSETCATALOG_COMPILER_APPICON_NAME = AppIcon;
				ASSETCATALOG_COMPILER_GLOBAL_ACCENT_COLOR_NAME = AccentColor;
				CODE_SIGN_STYLE = Automatic;
				CURRENT_PROJECT_VERSION = 1;
				DEVELOPMENT_ASSET_PATHS = "\"swift-tutorial/Preview Content\"";
				ENABLE_PREVIEWS = YES;
				GENERATE_INFOPLIST_FILE = YES;
				INFOPLIST_KEY_UIApplicationSceneManifest_Generation = YES;
				INFOPLIST_KEY_UIApplicationSupportsIndirectInputEvents = YES;
				INFOPLIST_KEY_UILaunchScreen_Generation = YES;
				INFOPLIST_KEY_UISupportedInterfaceOrientations_iPad = "UIInterfaceOrientationPortrait UIInterfaceOrientationPortraitUpsideDown UIInterfaceOrientationLandscapeLeft UIInterfaceOrientationLandscapeRight";
				INFOPLIST_KEY_UISupportedInterfaceOrientations_iPhone = "UIInterfaceOrientationPortrait UIInterfaceOrientationLandscapeLeft UIInterfaceOrientationLandscapeRight";
				LD_RUNPATH_SEARCH_PATHS = (
					"$(inherited)",
					"@executable_path/Frameworks",
				);
				MARKETING_VERSION = 1.0;
				PRODUCT_BUNDLE_IDENTIFIER = "com.swift-tutorial.swift-tutorial";
				PRODUCT_NAME = "$(TARGET_NAME)";
				SWIFT_EMIT_LOC_STRINGS = YES;
				SWIFT_VERSION = 5.0;
				TARGETED_DEVICE_FAMILY = "1,2";
			};
			name = Debug;
		};
		E149454B29D7D333001C4093 /* Release */ = {
			isa = XCBuildConfiguration;
			buildSettings = {
				ASSETCATALOG_COMPILER_APPICON_NAME = AppIcon;
				ASSETCATALOG_COMPILER_GLOBAL_ACCENT_COLOR_NAME = AccentColor;
				CODE_SIGN_STYLE = Automatic;
				CURRENT_PROJECT_VERSION = 1;
				DEVELOPMENT_ASSET_PATHS = "\"swift-tutorial/Preview Content\"";
				ENABLE_PREVIEWS = YES;
				GENERATE_INFOPLIST_FILE = YES;
				INFOPLIST_KEY_UIApplicationSceneManifest_Generation = YES;
				INFOPLIST_KEY_UIApplicationSupportsIndirectInputEvents = YES;
				INFOPLIST_KEY_UILaunchScreen_Generation = YES;
				INFOPLIST_KEY_UISupportedInterfaceOrientations_iPad = "UIInterfaceOrientationPortrait UIInterfaceOrientationPortraitUpsideDown UIInterfaceOrientationLandscapeLeft UIInterfaceOrientationLandscapeRight";
				INFOPLIST_KEY_UISupportedInterfaceOrientations_iPhone = "UIInterfaceOrientationPortrait UIInterfaceOrientationLandscapeLeft UIInterfaceOrientationLandscapeRight";
				LD_RUNPATH_SEARCH_PATHS = (
					"$(inherited)",
					"@executable_path/Frameworks",
				);
				MARKETING_VERSION = 1.0;
				PRODUCT_BUNDLE_IDENTIFIER = "com.swift-tutorial.swift-tutorial";
				PRODUCT_NAME = "$(TARGET_NAME)";
				SWIFT_EMIT_LOC_STRINGS = YES;
				SWIFT_VERSION = 5.0;
				TARGETED_DEVICE_FAMILY = "1,2";
			};
			name = Release;
		};
		E149454D29D7D333001C4093 /* Debug */ = {
			isa = XCBuildConfiguration;
			buildSettings = {
				ALWAYS_EMBED_SWIFT_STANDARD_LIBRARIES = YES;
				BUNDLE_LOADER = "$(TEST_HOST)";
				CODE_SIGN_STYLE = Automatic;
				CURRENT_PROJECT_VERSION = 1;
				GENERATE_INFOPLIST_FILE = YES;
				IPHONEOS_DEPLOYMENT_TARGET = 16.4;
				MARKETING_VERSION = 1.0;
				PRODUCT_BUNDLE_IDENTIFIER = "com.swift-tutorial.swift-tutorialTests";
				PRODUCT_NAME = "$(TARGET_NAME)";
				SWIFT_EMIT_LOC_STRINGS = NO;
				SWIFT_VERSION = 5.0;
				TARGETED_DEVICE_FAMILY = "1,2";
				TEST_HOST = "$(BUILT_PRODUCTS_DIR)/swift-tutorial.app/$(BUNDLE_EXECUTABLE_FOLDER_PATH)/swift-tutorial";
			};
			name = Debug;
		};
		E149454E29D7D333001C4093 /* Release */ = {
			isa = XCBuildConfiguration;
			buildSettings = {
				ALWAYS_EMBED_SWIFT_STANDARD_LIBRARIES = YES;
				BUNDLE_LOADER = "$(TEST_HOST)";
				CODE_SIGN_STYLE = Automatic;
				CURRENT_PROJECT_VERSION = 1;
				GENERATE_INFOPLIST_FILE = YES;
				IPHONEOS_DEPLOYMENT_TARGET = 16.4;
				MARKETING_VERSION = 1.0;
				PRODUCT_BUNDLE_IDENTIFIER = "com.swift-tutorial.swift-tutorialTests";
				PRODUCT_NAME = "$(TARGET_NAME)";
				SWIFT_EMIT_LOC_STRINGS = NO;
				SWIFT_VERSION = 5.0;
				TARGETED_DEVICE_FAMILY = "1,2";
				TEST_HOST = "$(BUILT_PRODUCTS_DIR)/swift-tutorial.app/$(BUNDLE_EXECUTABLE_FOLDER_PATH)/swift-tutorial";
			};
			name = Release;
		};
		E149455029D7D333001C4093 /* Debug */ = {
			isa = XCBuildConfiguration;
			buildSettings = {
				ALWAYS_EMBED_SWIFT_STANDARD_LIBRARIES = YES;
				CODE_SIGN_STYLE = Automatic;
				CURRENT_PROJECT_VERSION = 1;
				GENERATE_INFOPLIST_FILE = YES;
				MARKETING_VERSION = 1.0;
				PRODUCT_BUNDLE_IDENTIFIER = "com.swift-tutorial.swift-tutorialUITests";
				PRODUCT_NAME = "$(TARGET_NAME)";
				SWIFT_EMIT_LOC_STRINGS = NO;
				SWIFT_VERSION = 5.0;
				TARGETED_DEVICE_FAMILY = "1,2";
				TEST_TARGET_NAME = "swift-tutorial";
			};
			name = Debug;
		};
		E149455129D7D333001C4093 /* Release */ = {
			isa = XCBuildConfiguration;
			buildSettings = {
				ALWAYS_EMBED_SWIFT_STANDARD_LIBRARIES = YES;
				CODE_SIGN_STYLE = Automatic;
				CURRENT_PROJECT_VERSION = 1;
				GENERATE_INFOPLIST_FILE = YES;
				MARKETING_VERSION = 1.0;
				PRODUCT_BUNDLE_IDENTIFIER = "com.swift-tutorial.swift-tutorialUITests";
				PRODUCT_NAME = "$(TARGET_NAME)";
				SWIFT_EMIT_LOC_STRINGS = NO;
				SWIFT_VERSION = 5.0;
				TARGETED_DEVICE_FAMILY = "1,2";
				TEST_TARGET_NAME = "swift-tutorial";
			};
			name = Release;
		};
/* End XCBuildConfiguration section */

/* Begin XCConfigurationList section */
		E149452029D7D330001C4093 /* Build configuration list for PBXProject "swift-tutorial" */ = {
			isa = XCConfigurationList;
			buildConfigurations = (
				E149454729D7D333001C4093 /* Debug */,
				E149454829D7D333001C4093 /* Release */,
			);
			defaultConfigurationIsVisible = 0;
			defaultConfigurationName = Release;
		};
		E149454929D7D333001C4093 /* Build configuration list for PBXNativeTarget "swift-tutorial" */ = {
			isa = XCConfigurationList;
			buildConfigurations = (
				E149454A29D7D333001C4093 /* Debug */,
				E149454B29D7D333001C4093 /* Release */,
			);
			defaultConfigurationIsVisible = 0;
			defaultConfigurationName = Release;
		};
		E149454C29D7D333001C4093 /* Build configuration list for PBXNativeTarget "swift-tutorialTests" */ = {
			isa = XCConfigurationList;
			buildConfigurations = (
				E149454D29D7D333001C4093 /* Debug */,
				E149454E29D7D333001C4093 /* Release */,
			);
			defaultConfigurationIsVisible = 0;
			defaultConfigurationName = Release;
		};
		E149454F29D7D333001C4093 /* Build configuration list for PBXNativeTarget "swift-tutorialUITests" */ = {
			isa = XCConfigurationList;
			buildConfigurations = (
				E149455029D7D333001C4093 /* Debug */,
				E149455129D7D333001C4093 /* Release */,
			);
			defaultConfigurationIsVisible = 0;
			defaultConfigurationName = Release;
		};
/* End XCConfigurationList section */
	};
	rootObject = E149451D29D7D330001C4093 /* Project object */;
}
